
Microsoft Visual Studio Solution File, Format Version 12.00
# Visual Studio Version 17
VisualStudioVersion = 17.0.32014.148
MinimumVisualStudioVersion = 10.0.40219.1
Project("{9A19103F-16F7-4668-BE54-9A1E7A4F7556}") = "RestWithAspNet", "RestWithAspNet.csproj", "{18F996D9-F242-4B7A-ABA0-D5AA01387D1A}"
EndProject
Project("{E53339B2-1760-4266-BCC7-CA923CBCF16C}") = "docker-compose", "docker-compose.dcproj", "{61CBE60B-10DA-40B1-ABCD-E25BF37515A4}"
EndProject
Global
	GlobalSection(SolutionConfigurationPlatforms) = preSolution
		Debug|Any CPU = Debug|Any CPU
		Release|Any CPU = Release|Any CPU
	EndGlobalSection
	GlobalSection(ProjectConfigurationPlatforms) = postSolution
		{18F996D9-F242-4B7A-ABA0-D5AA01387D1A}.Debug|Any CPU.ActiveCfg = Debug|Any CPU
		{18F996D9-F242-4B7A-ABA0-D5AA01387D1A}.Debug|Any CPU.Build.0 = Debug|Any CPU
		{18F996D9-F242-4B7A-ABA0-D5AA01387D1A}.Release|Any CPU.ActiveCfg = Release|Any CPU
		{18F996D9-F242-4B7A-ABA0-D5AA01387D1A}.Release|Any CPU.Build.0 = Release|Any CPU
		{61CBE60B-10DA-40B1-ABCD-E25BF37515A4}.Debug|Any CPU.ActiveCfg = Debug|Any CPU
		{61CBE60B-10DA-40B1-ABCD-E25BF37515A4}.Debug|Any CPU.Build.0 = Debug|Any CPU
		{61CBE60B-10DA-40B1-ABCD-E25BF37515A4}.Release|Any CPU.ActiveCfg = Release|Any CPU
		{61CBE60B-10DA-40B1-ABCD-E25BF37515A4}.Release|Any CPU.Build.0 = Release|Any CPU
	EndGlobalSection
	GlobalSection(SolutionProperties) = preSolution
		HideSolutionNode = FALSE
	EndGlobalSection
	GlobalSection(ExtensibilityGlobals) = postSolution
		SolutionGuid = {6D1F9D75-5B55-41B5-9D10-E751CB93F196}
	EndGlobalSection
EndGlobal
